
Microsoft Visual Studio Solution File, Format Version 12.00
# Visual Studio Version 16
VisualStudioVersion = 16.0.31019.35
MinimumVisualStudioVersion = 10.0.40219.1
Project("{FAE04EC0-301F-11D3-BF4B-00C04F79EFBC}") = "MQTTKeypressServer", "MQTTKeypressServer.csproj", "{671897EE-AEF3-421D-A5A1-9912E44259FE}"
EndProject
Global
	GlobalSection(SolutionConfigurationPlatforms) = preSolution
		Debug|Any CPU = Debug|Any CPU
		Release|Any CPU = Release|Any CPU
	EndGlobalSection
	GlobalSection(ProjectConfigurationPlatforms) = postSolution
		{671897EE-AEF3-421D-A5A1-9912E44259FE}.Debug|Any CPU.ActiveCfg = Debug|Any CPU
		{671897EE-AEF3-421D-A5A1-9912E44259FE}.Debug|Any CPU.Build.0 = Debug|Any CPU
		{671897EE-AEF3-421D-A5A1-9912E44259FE}.Release|Any CPU.ActiveCfg = Release|Any CPU
		{671897EE-AEF3-421D-A5A1-9912E44259FE}.Release|Any CPU.Build.0 = Release|Any CPU
	EndGlobalSection
	GlobalSection(SolutionProperties) = preSolution
		HideSolutionNode = FALSE
	EndGlobalSection
	GlobalSection(ExtensibilityGlobals) = postSolution
		SolutionGuid = {21F679D9-4670-4FDF-9547-EFBCD9E6966D}
	EndGlobalSection
EndGlobal
